// !$*UTF8*$!
{
	archiveVersion = 1;
	classes = {
	};
	objectVersion = 50;
	objects = {

/* Begin PBXBuildFile section */
		C41D44FC260CDAB200843357 /* AppDelegate.swift in Sources */ = {isa = PBXBuildFile; fileRef = C41D44FB260CDAB200843357 /* AppDelegate.swift */; };
		C41D44FE260CDAB200843357 /* SceneDelegate.swift in Sources */ = {isa = PBXBuildFile; fileRef = C41D44FD260CDAB200843357 /* SceneDelegate.swift */; };
		C41D4500260CDAB200843357 /* ContentView.swift in Sources */ = {isa = PBXBuildFile; fileRef = C41D44FF260CDAB200843357 /* ContentView.swift */; };
		C41D4502260CDABB00843357 /* Assets.xcassets in Resources */ = {isa = PBXBuildFile; fileRef = C41D4501260CDABB00843357 /* Assets.xcassets */; };
		C41D4505260CDABB00843357 /* Preview Assets.xcassets in Resources */ = {isa = PBXBuildFile; fileRef = C41D4504260CDABB00843357 /* Preview Assets.xcassets */; };
		C41D4508260CDABB00843357 /* LaunchScreen.storyboard in Resources */ = {isa = PBXBuildFile; fileRef = C41D4506260CDABB00843357 /* LaunchScreen.storyboard */; };
		C41D4510260CDF6500843357 /* StockRow.swift in Sources */ = {isa = PBXBuildFile; fileRef = C41D450F260CDF6500843357 /* StockRow.swift */; };
		C41D4512260CDFAC00843357 /* Stock.swift in Sources */ = {isa = PBXBuildFile; fileRef = C41D4511260CDFAC00843357 /* Stock.swift */; };
		C41D4514260CE41500843357 /* ModelData.swift in Sources */ = {isa = PBXBuildFile; fileRef = C41D4513260CE41500843357 /* ModelData.swift */; };
		C41D4518260CE59400843357 /* StockList.swift in Sources */ = {isa = PBXBuildFile; fileRef = C41D4517260CE59400843357 /* StockList.swift */; };
		C481A4E126121E8300F22B09 /* Favorites.swift in Sources */ = {isa = PBXBuildFile; fileRef = C481A4E026121E8300F22B09 /* Favorites.swift */; };
		C481A4E326123E0500F22B09 /* SearchBar.swift in Sources */ = {isa = PBXBuildFile; fileRef = C481A4E226123E0500F22B09 /* SearchBar.swift */; };
		C4CD928E2619AD0500D2BEDD /* TrendingTickers.swift in Sources */ = {isa = PBXBuildFile; fileRef = C4CD928D2619AD0500D2BEDD /* TrendingTickers.swift */; };
		C4CD9296261A08E000D2BEDD /* PageView.swift in Sources */ = {isa = PBXBuildFile; fileRef = C4CD9295261A08E000D2BEDD /* PageView.swift */; };
		C4CD9298261A09AE00D2BEDD /* SwiperView.swift in Sources */ = {isa = PBXBuildFile; fileRef = C4CD9297261A09AE00D2BEDD /* SwiperView.swift */; };
		C4E753A1261B401900EDA0A4 /* SearchResultData.swift in Sources */ = {isa = PBXBuildFile; fileRef = C4E753A0261B401900EDA0A4 /* SearchResultData.swift */; };
		C4E753A3261B40A300EDA0A4 /* SearchResult.swift in Sources */ = {isa = PBXBuildFile; fileRef = C4E753A2261B40A300EDA0A4 /* SearchResult.swift */; };
		C4E753A5261B4FCB00EDA0A4 /* Switcher.swift in Sources */ = {isa = PBXBuildFile; fileRef = C4E753A4261B4FCB00EDA0A4 /* Switcher.swift */; };
/* End PBXBuildFile section */

/* Begin PBXFileReference section */
		C41D44F8260CDAB200843357 /* FinStat.app */ = {isa = PBXFileReference; explicitFileType = wrapper.application; includeInIndex = 0; path = FinStat.app; sourceTree = BUILT_PRODUCTS_DIR; };
		C41D44FB260CDAB200843357 /* AppDelegate.swift */ = {isa = PBXFileReference; lastKnownFileType = sourcecode.swift; path = AppDelegate.swift; sourceTree = "<group>"; };
		C41D44FD260CDAB200843357 /* SceneDelegate.swift */ = {isa = PBXFileReference; lastKnownFileType = sourcecode.swift; path = SceneDelegate.swift; sourceTree = "<group>"; };
		C41D44FF260CDAB200843357 /* ContentView.swift */ = {isa = PBXFileReference; lastKnownFileType = sourcecode.swift; path = ContentView.swift; sourceTree = "<group>"; };
		C41D4501260CDABB00843357 /* Assets.xcassets */ = {isa = PBXFileReference; lastKnownFileType = folder.assetcatalog; path = Assets.xcassets; sourceTree = "<group>"; };
		C41D4504260CDABB00843357 /* Preview Assets.xcassets */ = {isa = PBXFileReference; lastKnownFileType = folder.assetcatalog; path = "Preview Assets.xcassets"; sourceTree = "<group>"; };
		C41D4507260CDABB00843357 /* Base */ = {isa = PBXFileReference; lastKnownFileType = file.storyboard; name = Base; path = Base.lproj/LaunchScreen.storyboard; sourceTree = "<group>"; };
		C41D4509260CDABB00843357 /* Info.plist */ = {isa = PBXFileReference; lastKnownFileType = text.plist.xml; path = Info.plist; sourceTree = "<group>"; };
		C41D450F260CDF6500843357 /* StockRow.swift */ = {isa = PBXFileReference; lastKnownFileType = sourcecode.swift; path = StockRow.swift; sourceTree = "<group>"; };
		C41D4511260CDFAC00843357 /* Stock.swift */ = {isa = PBXFileReference; lastKnownFileType = sourcecode.swift; path = Stock.swift; sourceTree = "<group>"; };
		C41D4513260CE41500843357 /* ModelData.swift */ = {isa = PBXFileReference; lastKnownFileType = sourcecode.swift; path = ModelData.swift; sourceTree = "<group>"; };
		C41D4517260CE59400843357 /* StockList.swift */ = {isa = PBXFileReference; lastKnownFileType = sourcecode.swift; path = StockList.swift; sourceTree = "<group>"; };
		C481A4E026121E8300F22B09 /* Favorites.swift */ = {isa = PBXFileReference; lastKnownFileType = sourcecode.swift; path = Favorites.swift; sourceTree = "<group>"; };
		C481A4E226123E0500F22B09 /* SearchBar.swift */ = {isa = PBXFileReference; lastKnownFileType = sourcecode.swift; path = SearchBar.swift; sourceTree = "<group>"; };
		C4CD928D2619AD0500D2BEDD /* TrendingTickers.swift */ = {isa = PBXFileReference; lastKnownFileType = sourcecode.swift; path = TrendingTickers.swift; sourceTree = "<group>"; };
		C4CD9295261A08E000D2BEDD /* PageView.swift */ = {isa = PBXFileReference; lastKnownFileType = sourcecode.swift; path = PageView.swift; sourceTree = "<group>"; };
		C4CD9297261A09AE00D2BEDD /* SwiperView.swift */ = {isa = PBXFileReference; lastKnownFileType = sourcecode.swift; path = SwiperView.swift; sourceTree = "<group>"; };
		C4E753A0261B401900EDA0A4 /* SearchResultData.swift */ = {isa = PBXFileReference; lastKnownFileType = sourcecode.swift; path = SearchResultData.swift; sourceTree = "<group>"; };
		C4E753A2261B40A300EDA0A4 /* SearchResult.swift */ = {isa = PBXFileReference; lastKnownFileType = sourcecode.swift; path = SearchResult.swift; sourceTree = "<group>"; };
		C4E753A4261B4FCB00EDA0A4 /* Switcher.swift */ = {isa = PBXFileReference; lastKnownFileType = sourcecode.swift; path = Switcher.swift; sourceTree = "<group>"; };
/* End PBXFileReference section */

/* Begin PBXFrameworksBuildPhase section */
		C41D44F5260CDAB200843357 /* Frameworks */ = {
			isa = PBXFrameworksBuildPhase;
			buildActionMask = 2147483647;
			files = (
			);
			runOnlyForDeploymentPostprocessing = 0;
		};
/* End PBXFrameworksBuildPhase section */

/* Begin PBXGroup section */
		C4144B172610EBDC0089A6B7 /* Model */ = {
			isa = PBXGroup;
			children = (
				C481A4E026121E8300F22B09 /* Favorites.swift */,
				C41D4511260CDFAC00843357 /* Stock.swift */,
				C41D4513260CE41500843357 /* ModelData.swift */,
				C4E753A0261B401900EDA0A4 /* SearchResultData.swift */,
				C4CD928D2619AD0500D2BEDD /* TrendingTickers.swift */,
				C4E753A2261B40A300EDA0A4 /* SearchResult.swift */,
			);
			path = Model;
			sourceTree = "<group>";
		};
		C4144B182610EBF00089A6B7 /* Views */ = {
			isa = PBXGroup;
			children = (
				C41D450F260CDF6500843357 /* StockRow.swift */,
				C41D4517260CE59400843357 /* StockList.swift */,
				C481A4E226123E0500F22B09 /* SearchBar.swift */,
				C4CD9295261A08E000D2BEDD /* PageView.swift */,
				C4CD9297261A09AE00D2BEDD /* SwiperView.swift */,
				C4E753A4261B4FCB00EDA0A4 /* Switcher.swift */,
			);
			path = Views;
			sourceTree = "<group>";
		};
		C41D44EF260CDAB200843357 = {
			isa = PBXGroup;
			children = (
				C41D44FA260CDAB200843357 /* FinStat */,
				C41D44F9260CDAB200843357 /* Products */,
			);
			sourceTree = "<group>";
		};
		C41D44F9260CDAB200843357 /* Products */ = {
			isa = PBXGroup;
			children = (
				C41D44F8260CDAB200843357 /* FinStat.app */,
			);
			name = Products;
			sourceTree = "<group>";
		};
		C41D44FA260CDAB200843357 /* FinStat */ = {
			isa = PBXGroup;
			children = (
				C41D44FB260CDAB200843357 /* AppDelegate.swift */,
				C41D44FF260CDAB200843357 /* ContentView.swift */,
				C41D44FD260CDAB200843357 /* SceneDelegate.swift */,
				C4144B182610EBF00089A6B7 /* Views */,
				C4144B172610EBDC0089A6B7 /* Model */,
				C41D4501260CDABB00843357 /* Assets.xcassets */,
				C41D4506260CDABB00843357 /* LaunchScreen.storyboard */,
				C41D4509260CDABB00843357 /* Info.plist */,
				C41D4503260CDABB00843357 /* Preview Content */,
			);
			path = FinStat;
			sourceTree = "<group>";
		};
		C41D4503260CDABB00843357 /* Preview Content */ = {
			isa = PBXGroup;
			children = (
				C41D4504260CDABB00843357 /* Preview Assets.xcassets */,
			);
			path = "Preview Content";
			sourceTree = "<group>";
		};
/* End PBXGroup section */

/* Begin PBXNativeTarget section */
		C41D44F7260CDAB200843357 /* FinStat */ = {
			isa = PBXNativeTarget;
			buildConfigurationList = C41D450C260CDABB00843357 /* Build configuration list for PBXNativeTarget "FinStat" */;
			buildPhases = (
				C41D44F4260CDAB200843357 /* Sources */,
				C41D44F5260CDAB200843357 /* Frameworks */,
				C41D44F6260CDAB200843357 /* Resources */,
			);
			buildRules = (
			);
			dependencies = (
			);
			name = FinStat;
			productName = FinStat;
			productReference = C41D44F8260CDAB200843357 /* FinStat.app */;
			productType = "com.apple.product-type.application";
		};
/* End PBXNativeTarget section */

/* Begin PBXProject section */
		C41D44F0260CDAB200843357 /* Project object */ = {
			isa = PBXProject;
			attributes = {
				LastSwiftUpdateCheck = 1130;
				LastUpgradeCheck = 1130;
				ORGANIZATIONNAME = "Ekaterina Gornostaeva";
				TargetAttributes = {
					C41D44F7260CDAB200843357 = {
						CreatedOnToolsVersion = 11.3.1;
					};
				};
			};
			buildConfigurationList = C41D44F3260CDAB200843357 /* Build configuration list for PBXProject "FinStat" */;
			compatibilityVersion = "Xcode 9.3";
			developmentRegion = en;
			hasScannedForEncodings = 0;
			knownRegions = (
				en,
				Base,
			);
			mainGroup = C41D44EF260CDAB200843357;
			productRefGroup = C41D44F9260CDAB200843357 /* Products */;
			projectDirPath = "";
			projectRoot = "";
			targets = (
				C41D44F7260CDAB200843357 /* FinStat */,
			);
		};
/* End PBXProject section */

/* Begin PBXResourcesBuildPhase section */
		C41D44F6260CDAB200843357 /* Resources */ = {
			isa = PBXResourcesBuildPhase;
			buildActionMask = 2147483647;
			files = (
				C41D4508260CDABB00843357 /* LaunchScreen.storyboard in Resources */,
				C41D4505260CDABB00843357 /* Preview Assets.xcassets in Resources */,
				C41D4502260CDABB00843357 /* Assets.xcassets in Resources */,
			);
			runOnlyForDeploymentPostprocessing = 0;
		};
/* End PBXResourcesBuildPhase section */

/* Begin PBXSourcesBuildPhase section */
		C41D44F4260CDAB200843357 /* Sources */ = {
			isa = PBXSourcesBuildPhase;
			buildActionMask = 2147483647;
			files = (
				C481A4E126121E8300F22B09 /* Favorites.swift in Sources */,
				C4E753A5261B4FCB00EDA0A4 /* Switcher.swift in Sources */,
				C41D44FC260CDAB200843357 /* AppDelegate.swift in Sources */,
				C41D4518260CE59400843357 /* StockList.swift in Sources */,
				C4CD9296261A08E000D2BEDD /* PageView.swift in Sources */,
				C41D4512260CDFAC00843357 /* Stock.swift in Sources */,
				C4CD928E2619AD0500D2BEDD /* TrendingTickers.swift in Sources */,
				C41D4510260CDF6500843357 /* StockRow.swift in Sources */,
				C4E753A1261B401900EDA0A4 /* SearchResultData.swift in Sources */,
				C41D44FE260CDAB200843357 /* SceneDelegate.swift in Sources */,
				C4CD9298261A09AE00D2BEDD /* SwiperView.swift in Sources */,
				C481A4E326123E0500F22B09 /* SearchBar.swift in Sources */,
				C41D4500260CDAB200843357 /* ContentView.swift in Sources */,
				C41D4514260CE41500843357 /* ModelData.swift in Sources */,
				C4E753A3261B40A300EDA0A4 /* SearchResult.swift in Sources */,
			);
			runOnlyForDeploymentPostprocessing = 0;
		};
/* End PBXSourcesBuildPhase section */

/* Begin PBXVariantGroup section */
		C41D4506260CDABB00843357 /* LaunchScreen.storyboard */ = {
			isa = PBXVariantGroup;
			children = (
				C41D4507260CDABB00843357 /* Base */,
			);
			name = LaunchScreen.storyboard;
			sourceTree = "<group>";
		};
/* End PBXVariantGroup section */

/* Begin XCBuildConfiguration section */
		C41D450A260CDABB00843357 /* Debug */ = {
			isa = XCBuildConfiguration;
			buildSettings = {
				ALWAYS_SEARCH_USER_PATHS = NO;
				CLANG_ANALYZER_NONNULL = YES;
				CLANG_ANALYZER_NUMBER_OBJECT_CONVERSION = YES_AGGRESSIVE;
				CLANG_CXX_LANGUAGE_STANDARD = "gnu++14";
				CLANG_CXX_LIBRARY = "libc++";
				CLANG_ENABLE_MODULES = YES;
				CLANG_ENABLE_OBJC_ARC = YES;
				CLANG_ENABLE_OBJC_WEAK = YES;
				CLANG_WARN_BLOCK_CAPTURE_AUTORELEASING = YES;
				CLANG_WARN_BOOL_CONVERSION = YES;
				CLANG_WARN_COMMA = YES;
				CLANG_WARN_CONSTANT_CONVERSION = YES;
				CLANG_WARN_DEPRECATED_OBJC_IMPLEMENTATIONS = YES;
				CLANG_WARN_DIRECT_OBJC_ISA_USAGE = YES_ERROR;
				CLANG_WARN_DOCUMENTATION_COMMENTS = YES;
				CLANG_WARN_EMPTY_BODY = YES;
				CLANG_WARN_ENUM_CONVERSION = YES;
				CLANG_WARN_INFINITE_RECURSION = YES;
				CLANG_WARN_INT_CONVERSION = YES;
				CLANG_WARN_NON_LITERAL_NULL_CONVERSION = YES;
				CLANG_WARN_OBJC_IMPLICIT_RETAIN_SELF = YES;
				CLANG_WARN_OBJC_LITERAL_CONVERSION = YES;
				CLANG_WARN_OBJC_ROOT_CLASS = YES_ERROR;
				CLANG_WARN_RANGE_LOOP_ANALYSIS = YES;
				CLANG_WARN_STRICT_PROTOTYPES = YES;
				CLANG_WARN_SUSPICIOUS_MOVE = YES;
				CLANG_WARN_UNGUARDED_AVAILABILITY = YES_AGGRESSIVE;
				CLANG_WARN_UNREACHABLE_CODE = YES;
				CLANG_WARN__DUPLICATE_METHOD_MATCH = YES;
				COPY_PHASE_STRIP = NO;
				DEBUG_INFORMATION_FORMAT = dwarf;
				ENABLE_STRICT_OBJC_MSGSEND = YES;
				ENABLE_TESTABILITY = YES;
				GCC_C_LANGUAGE_STANDARD = gnu11;
				GCC_DYNAMIC_NO_PIC = NO;
				GCC_NO_COMMON_BLOCKS = YES;
				GCC_OPTIMIZATION_LEVEL = 0;
				GCC_PREPROCESSOR_DEFINITIONS = (
					"DEBUG=1",
					"$(inherited)",
				);
				GCC_WARN_64_TO_32_BIT_CONVERSION = YES;
				GCC_WARN_ABOUT_RETURN_TYPE = YES_ERROR;
				GCC_WARN_UNDECLARED_SELECTOR = YES;
				GCC_WARN_UNINITIALIZED_AUTOS = YES_AGGRESSIVE;
				GCC_WARN_UNUSED_FUNCTION = YES;
				GCC_WARN_UNUSED_VARIABLE = YES;
				IPHONEOS_DEPLOYMENT_TARGET = 13.2;
				MTL_ENABLE_DEBUG_INFO = INCLUDE_SOURCE;
				MTL_FAST_MATH = YES;
				ONLY_ACTIVE_ARCH = YES;
				SDKROOT = iphoneos;
				SWIFT_ACTIVE_COMPILATION_CONDITIONS = DEBUG;
				SWIFT_OPTIMIZATION_LEVEL = "-Onone";
			};
			name = Debug;
		};
		C41D450B260CDABB00843357 /* Release */ = {
			isa = XCBuildConfiguration;
			buildSettings = {
				ALWAYS_SEARCH_USER_PATHS = NO;
				CLANG_ANALYZER_NONNULL = YES;
				CLANG_ANALYZER_NUMBER_OBJECT_CONVERSION = YES_AGGRESSIVE;
				CLANG_CXX_LANGUAGE_STANDARD = "gnu++14";
				CLANG_CXX_LIBRARY = "libc++";
				CLANG_ENABLE_MODULES = YES;
				CLANG_ENABLE_OBJC_ARC = YES;
				CLANG_ENABLE_OBJC_WEAK = YES;
				CLANG_WARN_BLOCK_CAPTURE_AUTORELEASING = YES;
				CLANG_WARN_BOOL_CONVERSION = YES;
				CLANG_WARN_COMMA = YES;
				CLANG_WARN_CONSTANT_CONVERSION = YES;
				CLANG_WARN_DEPRECATED_OBJC_IMPLEMENTATIONS = YES;
				CLANG_WARN_DIRECT_OBJC_ISA_USAGE = YES_ERROR;
				CLANG_WARN_DOCUMENTATION_COMMENTS = YES;
				CLANG_WARN_EMPTY_BODY = YES;
				CLANG_WARN_ENUM_CONVERSION = YES;
				CLANG_WARN_INFINITE_RECURSION = YES;
				CLANG_WARN_INT_CONVERSION = YES;
				CLANG_WARN_NON_LITERAL_NULL_CONVERSION = YES;
				CLANG_WARN_OBJC_IMPLICIT_RETAIN_SELF = YES;
				CLANG_WARN_OBJC_LITERAL_CONVERSION = YES;
				CLANG_WARN_OBJC_ROOT_CLASS = YES_ERROR;
				CLANG_WARN_RANGE_LOOP_ANALYSIS = YES;
				CLANG_WARN_STRICT_PROTOTYPES = YES;
				CLANG_WARN_SUSPICIOUS_MOVE = YES;
				CLANG_WARN_UNGUARDED_AVAILABILITY = YES_AGGRESSIVE;
				CLANG_WARN_UNREACHABLE_CODE = YES;
				CLANG_WARN__DUPLICATE_METHOD_MATCH = YES;
				COPY_PHASE_STRIP = NO;
				DEBUG_INFORMATION_FORMAT = "dwarf-with-dsym";
				ENABLE_NS_ASSERTIONS = NO;
				ENABLE_STRICT_OBJC_MSGSEND = YES;
				GCC_C_LANGUAGE_STANDARD = gnu11;
				GCC_NO_COMMON_BLOCKS = YES;
				GCC_WARN_64_TO_32_BIT_CONVERSION = YES;
				GCC_WARN_ABOUT_RETURN_TYPE = YES_ERROR;
				GCC_WARN_UNDECLARED_SELECTOR = YES;
				GCC_WARN_UNINITIALIZED_AUTOS = YES_AGGRESSIVE;
				GCC_WARN_UNUSED_FUNCTION = YES;
				GCC_WARN_UNUSED_VARIABLE = YES;
				IPHONEOS_DEPLOYMENT_TARGET = 13.2;
				MTL_ENABLE_DEBUG_INFO = NO;
				MTL_FAST_MATH = YES;
				SDKROOT = iphoneos;
				SWIFT_COMPILATION_MODE = wholemodule;
				SWIFT_OPTIMIZATION_LEVEL = "-O";
				VALIDATE_PRODUCT = YES;
			};
			name = Release;
		};
		C41D450D260CDABB00843357 /* Debug */ = {
			isa = XCBuildConfiguration;
			buildSettings = {
				ASSETCATALOG_COMPILER_APPICON_NAME = AppIcon;
				CODE_SIGN_STYLE = Automatic;
				DEVELOPMENT_ASSET_PATHS = "\"FinStat/Preview Content\"";
				DEVELOPMENT_TEAM = 6CJ84VD42J;
				ENABLE_PREVIEWS = YES;
				INFOPLIST_FILE = FinStat/Info.plist;
				LD_RUNPATH_SEARCH_PATHS = (
					"$(inherited)",
					"@executable_path/Frameworks",
				);
				PRODUCT_BUNDLE_IDENTIFIER = gornostaeva.FinStat;
				PRODUCT_NAME = "$(TARGET_NAME)";
				SWIFT_VERSION = 5.0;
				TARGETED_DEVICE_FAMILY = "1,2";
			};
			name = Debug;
		};
		C41D450E260CDABB00843357 /* Release */ = {
			isa = XCBuildConfiguration;
			buildSettings = {
				ASSETCATALOG_COMPILER_APPICON_NAME = AppIcon;
				CODE_SIGN_STYLE = Automatic;
				DEVELOPMENT_ASSET_PATHS = "\"FinStat/Preview Content\"";
				DEVELOPMENT_TEAM = 6CJ84VD42J;
				ENABLE_PREVIEWS = YES;
				INFOPLIST_FILE = FinStat/Info.plist;
				LD_RUNPATH_SEARCH_PATHS = (
					"$(inherited)",
					"@executable_path/Frameworks",
				);
				PRODUCT_BUNDLE_IDENTIFIER = gornostaeva.FinStat;
				PRODUCT_NAME = "$(TARGET_NAME)";
				SWIFT_VERSION = 5.0;
				TARGETED_DEVICE_FAMILY = "1,2";
			};
			name = Release;
		};
/* End XCBuildConfiguration section */

/* Begin XCConfigurationList section */
		C41D44F3260CDAB200843357 /* Build configuration list for PBXProject "FinStat" */ = {
			isa = XCConfigurationList;
			buildConfigurations = (
				C41D450A260CDABB00843357 /* Debug */,
				C41D450B260CDABB00843357 /* Release */,
			);
			defaultConfigurationIsVisible = 0;
			defaultConfigurationName = Release;
		};
		C41D450C260CDABB00843357 /* Build configuration list for PBXNativeTarget "FinStat" */ = {
			isa = XCConfigurationList;
			buildConfigurations = (
				C41D450D260CDABB00843357 /* Debug */,
				C41D450E260CDABB00843357 /* Release */,
			);
			defaultConfigurationIsVisible = 0;
			defaultConfigurationName = Release;
		};
/* End XCConfigurationList section */
	};
	rootObject = C41D44F0260CDAB200843357 /* Project object */;
}
